
Microsoft Visual Studio Solution File, Format Version 12.00
# Visual Studio Version 17
VisualStudioVersion = 17.2.32602.215
MinimumVisualStudioVersion = 10.0.40219.1
Project("{FAE04EC0-301F-11D3-BF4B-00C04F79EFBC}") = "Motorcycle", "Motorcycle\Motorcycle.csproj", "{9DC07737-804F-4DFF-B5C6-692D7AA46399}"
EndProject
Global
	GlobalSection(SolutionConfigurationPlatforms) = preSolution
		Debug|Any CPU = Debug|Any CPU
		Release|Any CPU = Release|Any CPU
	EndGlobalSection
	GlobalSection(ProjectConfigurationPlatforms) = postSolution
		{9DC07737-804F-4DFF-B5C6-692D7AA46399}.Debug|Any CPU.ActiveCfg = Debug|Any CPU
		{9DC07737-804F-4DFF-B5C6-692D7AA46399}.Debug|Any CPU.Build.0 = Debug|Any CPU
		{9DC07737-804F-4DFF-B5C6-692D7AA46399}.Release|Any CPU.ActiveCfg = Release|Any CPU
		{9DC07737-804F-4DFF-B5C6-692D7AA46399}.Release|Any CPU.Build.0 = Release|Any CPU
	EndGlobalSection
	GlobalSection(SolutionProperties) = preSolution
		HideSolutionNode = FALSE
	EndGlobalSection
	GlobalSection(ExtensibilityGlobals) = postSolution
		SolutionGuid = {44FEE296-8562-49EF-A866-C337A072B1FD}
	EndGlobalSection
EndGlobal
